// !$*UTF8*$!
{
	archiveVersion = 1;
	classes = {
	};
	objectVersion = 50;
	objects = {

/* Begin PBXBuildFile section */
		2F61E04523589D5E00D4C08E /* AppDelegate.swift in Sources */ = {isa = PBXBuildFile; fileRef = 2F61E04423589D5E00D4C08E /* AppDelegate.swift */; };
		2F61E04723589D5E00D4C08E /* ViewController.swift in Sources */ = {isa = PBXBuildFile; fileRef = 2F61E04623589D5E00D4C08E /* ViewController.swift */; };
		2F61E04A23589D5E00D4C08E /* Main.storyboard in Resources */ = {isa = PBXBuildFile; fileRef = 2F61E04823589D5E00D4C08E /* Main.storyboard */; };
		2F61E04C23589D5E00D4C08E /* Assets.xcassets in Resources */ = {isa = PBXBuildFile; fileRef = 2F61E04B23589D5E00D4C08E /* Assets.xcassets */; };
		2F61E04F23589D5E00D4C08E /* LaunchScreen.storyboard in Resources */ = {isa = PBXBuildFile; fileRef = 2F61E04D23589D5E00D4C08E /* LaunchScreen.storyboard */; };
		2F61E05A23589D5F00D4C08E /* CodablePerformanceTests.swift in Sources */ = {isa = PBXBuildFile; fileRef = 2F61E05923589D5F00D4C08E /* CodablePerformanceTests.swift */; };
		2F61E06523589D7E00D4C08E /* Item.swift in Sources */ = {isa = PBXBuildFile; fileRef = 2F61E06423589D7E00D4C08E /* Item.swift */; };
/* End PBXBuildFile section */

/* Begin PBXContainerItemProxy section */
		2F61E05623589D5F00D4C08E /* PBXContainerItemProxy */ = {
			isa = PBXContainerItemProxy;
			containerPortal = 2F61E03923589D5E00D4C08E /* Project object */;
			proxyType = 1;
			remoteGlobalIDString = 2F61E04023589D5E00D4C08E;
			remoteInfo = CodablePerformance;
		};
/* End PBXContainerItemProxy section */

/* Begin PBXFileReference section */
		2F61E04123589D5E00D4C08E /* CodablePerformance.app */ = {isa = PBXFileReference; explicitFileType = wrapper.application; includeInIndex = 0; path = CodablePerformance.app; sourceTree = BUILT_PRODUCTS_DIR; };
		2F61E04423589D5E00D4C08E /* AppDelegate.swift */ = {isa = PBXFileReference; lastKnownFileType = sourcecode.swift; path = AppDelegate.swift; sourceTree = "<group>"; };
		2F61E04623589D5E00D4C08E /* ViewController.swift */ = {isa = PBXFileReference; lastKnownFileType = sourcecode.swift; path = ViewController.swift; sourceTree = "<group>"; };
		2F61E04923589D5E00D4C08E /* Base */ = {isa = PBXFileReference; lastKnownFileType = file.storyboard; name = Base; path = Base.lproj/Main.storyboard; sourceTree = "<group>"; };
		2F61E04B23589D5E00D4C08E /* Assets.xcassets */ = {isa = PBXFileReference; lastKnownFileType = folder.assetcatalog; path = Assets.xcassets; sourceTree = "<group>"; };
		2F61E04E23589D5E00D4C08E /* Base */ = {isa = PBXFileReference; lastKnownFileType = file.storyboard; name = Base; path = Base.lproj/LaunchScreen.storyboard; sourceTree = "<group>"; };
		2F61E05023589D5E00D4C08E /* Info.plist */ = {isa = PBXFileReference; lastKnownFileType = text.plist.xml; path = Info.plist; sourceTree = "<group>"; };
		2F61E05523589D5F00D4C08E /* CodablePerformanceTests.xctest */ = {isa = PBXFileReference; explicitFileType = wrapper.cfbundle; includeInIndex = 0; path = CodablePerformanceTests.xctest; sourceTree = BUILT_PRODUCTS_DIR; };
		2F61E05923589D5F00D4C08E /* CodablePerformanceTests.swift */ = {isa = PBXFileReference; lastKnownFileType = sourcecode.swift; path = CodablePerformanceTests.swift; sourceTree = "<group>"; };
		2F61E05B23589D5F00D4C08E /* Info.plist */ = {isa = PBXFileReference; lastKnownFileType = text.plist.xml; path = Info.plist; sourceTree = "<group>"; };
		2F61E06423589D7E00D4C08E /* Item.swift */ = {isa = PBXFileReference; lastKnownFileType = sourcecode.swift; path = Item.swift; sourceTree = "<group>"; };
/* End PBXFileReference section */

/* Begin PBXFrameworksBuildPhase section */
		2F61E03E23589D5E00D4C08E /* Frameworks */ = {
			isa = PBXFrameworksBuildPhase;
			buildActionMask = 2147483647;
			files = (
			);
			runOnlyForDeploymentPostprocessing = 0;
		};
		2F61E05223589D5F00D4C08E /* Frameworks */ = {
			isa = PBXFrameworksBuildPhase;
			buildActionMask = 2147483647;
			files = (
			);
			runOnlyForDeploymentPostprocessing = 0;
		};
/* End PBXFrameworksBuildPhase section */

/* Begin PBXGroup section */
		2F61E03823589D5E00D4C08E = {
			isa = PBXGroup;
			children = (
				2F61E04323589D5E00D4C08E /* CodablePerformance */,
				2F61E05823589D5F00D4C08E /* CodablePerformanceTests */,
				2F61E04223589D5E00D4C08E /* Products */,
			);
			sourceTree = "<group>";
		};
		2F61E04223589D5E00D4C08E /* Products */ = {
			isa = PBXGroup;
			children = (
				2F61E04123589D5E00D4C08E /* CodablePerformance.app */,
				2F61E05523589D5F00D4C08E /* CodablePerformanceTests.xctest */,
			);
			name = Products;
			sourceTree = "<group>";
		};
		2F61E04323589D5E00D4C08E /* CodablePerformance */ = {
			isa = PBXGroup;
			children = (
				2F61E04423589D5E00D4C08E /* AppDelegate.swift */,
				2F61E04623589D5E00D4C08E /* ViewController.swift */,
				2F61E04823589D5E00D4C08E /* Main.storyboard */,
				2F61E04B23589D5E00D4C08E /* Assets.xcassets */,
				2F61E04D23589D5E00D4C08E /* LaunchScreen.storyboard */,
				2F61E05023589D5E00D4C08E /* Info.plist */,
				2F61E06423589D7E00D4C08E /* Item.swift */,
			);
			path = CodablePerformance;
			sourceTree = "<group>";
		};
		2F61E05823589D5F00D4C08E /* CodablePerformanceTests */ = {
			isa = PBXGroup;
			children = (
				2F61E05923589D5F00D4C08E /* CodablePerformanceTests.swift */,
				2F61E05B23589D5F00D4C08E /* Info.plist */,
			);
			path = CodablePerformanceTests;
			sourceTree = "<group>";
		};
/* End PBXGroup section */

/* Begin PBXNativeTarget section */
		2F61E04023589D5E00D4C08E /* CodablePerformance */ = {
			isa = PBXNativeTarget;
			buildConfigurationList = 2F61E05E23589D5F00D4C08E /* Build configuration list for PBXNativeTarget "CodablePerformance" */;
			buildPhases = (
				2F61E03D23589D5E00D4C08E /* Sources */,
				2F61E03E23589D5E00D4C08E /* Frameworks */,
				2F61E03F23589D5E00D4C08E /* Resources */,
			);
			buildRules = (
			);
			dependencies = (
			);
			name = CodablePerformance;
			productName = CodablePerformance;
			productReference = 2F61E04123589D5E00D4C08E /* CodablePerformance.app */;
			productType = "com.apple.product-type.application";
		};
		2F61E05423589D5F00D4C08E /* CodablePerformanceTests */ = {
			isa = PBXNativeTarget;
			buildConfigurationList = 2F61E06123589D5F00D4C08E /* Build configuration list for PBXNativeTarget "CodablePerformanceTests" */;
			buildPhases = (
				2F61E05123589D5F00D4C08E /* Sources */,
				2F61E05223589D5F00D4C08E /* Frameworks */,
				2F61E05323589D5F00D4C08E /* Resources */,
			);
			buildRules = (
			);
			dependencies = (
				2F61E05723589D5F00D4C08E /* PBXTargetDependency */,
			);
			name = CodablePerformanceTests;
			productName = CodablePerformanceTests;
			productReference = 2F61E05523589D5F00D4C08E /* CodablePerformanceTests.xctest */;
			productType = "com.apple.product-type.bundle.unit-test";
		};
/* End PBXNativeTarget section */

/* Begin PBXProject section */
		2F61E03923589D5E00D4C08E /* Project object */ = {
			isa = PBXProject;
			attributes = {
				LastSwiftUpdateCheck = 1020;
				LastUpgradeCheck = 1020;
				ORGANIZATIONNAME = David;
				TargetAttributes = {
					2F61E04023589D5E00D4C08E = {
						CreatedOnToolsVersion = 10.2.1;
						ProvisioningStyle = Automatic;
					};
					2F61E05423589D5F00D4C08E = {
						CreatedOnToolsVersion = 10.2.1;
						TestTargetID = 2F61E04023589D5E00D4C08E;
					};
				};
			};
			buildConfigurationList = 2F61E03C23589D5E00D4C08E /* Build configuration list for PBXProject "CodablePerformance" */;
			compatibilityVersion = "Xcode 9.3";
			developmentRegion = en;
			hasScannedForEncodings = 0;
			knownRegions = (
				en,
				Base,
			);
			mainGroup = 2F61E03823589D5E00D4C08E;
			productRefGroup = 2F61E04223589D5E00D4C08E /* Products */;
			projectDirPath = "";
			projectRoot = "";
			targets = (
				2F61E04023589D5E00D4C08E /* CodablePerformance */,
				2F61E05423589D5F00D4C08E /* CodablePerformanceTests */,
			);
		};
/* End PBXProject section */

/* Begin PBXResourcesBuildPhase section */
		2F61E03F23589D5E00D4C08E /* Resources */ = {
			isa = PBXResourcesBuildPhase;
			buildActionMask = 2147483647;
			files = (
				2F61E04F23589D5E00D4C08E /* LaunchScreen.storyboard in Resources */,
				2F61E04C23589D5E00D4C08E /* Assets.xcassets in Resources */,
				2F61E04A23589D5E00D4C08E /* Main.storyboard in Resources */,
			);
			runOnlyForDeploymentPostprocessing = 0;
		};
		2F61E05323589D5F00D4C08E /* Resources */ = {
			isa = PBXResourcesBuildPhase;
			buildActionMask = 2147483647;
			files = (
			);
			runOnlyForDeploymentPostprocessing = 0;
		};
/* End PBXResourcesBuildPhase section */

/* Begin PBXSourcesBuildPhase section */
		2F61E03D23589D5E00D4C08E /* Sources */ = {
			isa = PBXSourcesBuildPhase;
			buildActionMask = 2147483647;
			files = (
				2F61E04723589D5E00D4C08E /* ViewController.swift in Sources */,
				2F61E06523589D7E00D4C08E /* Item.swift in Sources */,
				2F61E04523589D5E00D4C08E /* AppDelegate.swift in Sources */,
			);
			runOnlyForDeploymentPostprocessing = 0;
		};
		2F61E05123589D5F00D4C08E /* Sources */ = {
			isa = PBXSourcesBuildPhase;
			buildActionMask = 2147483647;
			files = (
				2F61E05A23589D5F00D4C08E /* CodablePerformanceTests.swift in Sources */,
			);
			runOnlyForDeploymentPostprocessing = 0;
		};
/* End PBXSourcesBuildPhase section */

/* Begin PBXTargetDependency section */
		2F61E05723589D5F00D4C08E /* PBXTargetDependency */ = {
			isa = PBXTargetDependency;
			target = 2F61E04023589D5E00D4C08E /* CodablePerformance */;
			targetProxy = 2F61E05623589D5F00D4C08E /* PBXContainerItemProxy */;
		};
/* End PBXTargetDependency section */

/* Begin PBXVariantGroup section */
		2F61E04823589D5E00D4C08E /* Main.storyboard */ = {
			isa = PBXVariantGroup;
			children = (
				2F61E04923589D5E00D4C08E /* Base */,
			);
			name = Main.storyboard;
			sourceTree = "<group>";
		};
		2F61E04D23589D5E00D4C08E /* LaunchScreen.storyboard */ = {
			isa = PBXVariantGroup;
			children = (
				2F61E04E23589D5E00D4C08E /* Base */,
			);
			name = LaunchScreen.storyboard;
			sourceTree = "<group>";
		};
/* End PBXVariantGroup section */

/* Begin XCBuildConfiguration section */
		2F61E05C23589D5F00D4C08E /* Debug */ = {
			isa = XCBuildConfiguration;
			buildSettings = {
				ALWAYS_SEARCH_USER_PATHS = NO;
				CLANG_ANALYZER_NONNULL = YES;
				CLANG_ANALYZER_NUMBER_OBJECT_CONVERSION = YES_AGGRESSIVE;
				CLANG_CXX_LANGUAGE_STANDARD = "gnu++14";
				CLANG_CXX_LIBRARY = "libc++";
				CLANG_ENABLE_MODULES = YES;
				CLANG_ENABLE_OBJC_ARC = YES;
				CLANG_ENABLE_OBJC_WEAK = YES;
				CLANG_WARN_BLOCK_CAPTURE_AUTORELEASING = YES;
				CLANG_WARN_BOOL_CONVERSION = YES;
				CLANG_WARN_COMMA = YES;
				CLANG_WARN_CONSTANT_CONVERSION = YES;
				CLANG_WARN_DEPRECATED_OBJC_IMPLEMENTATIONS = YES;
				CLANG_WARN_DIRECT_OBJC_ISA_USAGE = YES_ERROR;
				CLANG_WARN_DOCUMENTATION_COMMENTS = YES;
				CLANG_WARN_EMPTY_BODY = YES;
				CLANG_WARN_ENUM_CONVERSION = YES;
				CLANG_WARN_INFINITE_RECURSION = YES;
				CLANG_WARN_INT_CONVERSION = YES;
				CLANG_WARN_NON_LITERAL_NULL_CONVERSION = YES;
				CLANG_WARN_OBJC_IMPLICIT_RETAIN_SELF = YES;
				CLANG_WARN_OBJC_LITERAL_CONVERSION = YES;
				CLANG_WARN_OBJC_ROOT_CLASS = YES_ERROR;
				CLANG_WARN_RANGE_LOOP_ANALYSIS = YES;
				CLANG_WARN_STRICT_PROTOTYPES = YES;
				CLANG_WARN_SUSPICIOUS_MOVE = YES;
				CLANG_WARN_UNGUARDED_AVAILABILITY = YES_AGGRESSIVE;
				CLANG_WARN_UNREACHABLE_CODE = YES;
				CLANG_WARN__DUPLICATE_METHOD_MATCH = YES;
				CODE_SIGN_IDENTITY = "iPhone Developer";
				COPY_PHASE_STRIP = NO;
				DEBUG_INFORMATION_FORMAT = dwarf;
				ENABLE_STRICT_OBJC_MSGSEND = YES;
				ENABLE_TESTABILITY = YES;
				GCC_C_LANGUAGE_STANDARD = gnu11;
				GCC_DYNAMIC_NO_PIC = NO;
				GCC_NO_COMMON_BLOCKS = YES;
				GCC_OPTIMIZATION_LEVEL = 0;
				GCC_PREPROCESSOR_DEFINITIONS = (
					"DEBUG=1",
					"$(inherited)",
				);
				GCC_WARN_64_TO_32_BIT_CONVERSION = YES;
				GCC_WARN_ABOUT_RETURN_TYPE = YES_ERROR;
				GCC_WARN_UNDECLARED_SELECTOR = YES;
				GCC_WARN_UNINITIALIZED_AUTOS = YES_AGGRESSIVE;
				GCC_WARN_UNUSED_FUNCTION = YES;
				GCC_WARN_UNUSED_VARIABLE = YES;
				IPHONEOS_DEPLOYMENT_TARGET = 10.0;
				MTL_ENABLE_DEBUG_INFO = INCLUDE_SOURCE;
				MTL_FAST_MATH = YES;
				ONLY_ACTIVE_ARCH = YES;
				SDKROOT = iphoneos;
				SWIFT_ACTIVE_COMPILATION_CONDITIONS = DEBUG;
				SWIFT_OPTIMIZATION_LEVEL = "-Onone";
			};
			name = Debug;
		};
		2F61E05D23589D5F00D4C08E /* Release */ = {
			isa = XCBuildConfiguration;
			buildSettings = {
				ALWAYS_SEARCH_USER_PATHS = NO;
				CLANG_ANALYZER_NONNULL = YES;
				CLANG_ANALYZER_NUMBER_OBJECT_CONVERSION = YES_AGGRESSIVE;
				CLANG_CXX_LANGUAGE_STANDARD = "gnu++14";
				CLANG_CXX_LIBRARY = "libc++";
				CLANG_ENABLE_MODULES = YES;
				CLANG_ENABLE_OBJC_ARC = YES;
				CLANG_ENABLE_OBJC_WEAK = YES;
				CLANG_WARN_BLOCK_CAPTURE_AUTORELEASING = YES;
				CLANG_WARN_BOOL_CONVERSION = YES;
				CLANG_WARN_COMMA = YES;
				CLANG_WARN_CONSTANT_CONVERSION = YES;
				CLANG_WARN_DEPRECATED_OBJC_IMPLEMENTATIONS = YES;
				CLANG_WARN_DIRECT_OBJC_ISA_USAGE = YES_ERROR;
				CLANG_WARN_DOCUMENTATION_COMMENTS = YES;
				CLANG_WARN_EMPTY_BODY = YES;
				CLANG_WARN_ENUM_CONVERSION = YES;
				CLANG_WARN_INFINITE_RECURSION = YES;
				CLANG_WARN_INT_CONVERSION = YES;
				CLANG_WARN_NON_LITERAL_NULL_CONVERSION = YES;
				CLANG_WARN_OBJC_IMPLICIT_RETAIN_SELF = YES;
				CLANG_WARN_OBJC_LITERAL_CONVERSION = YES;
				CLANG_WARN_OBJC_ROOT_CLASS = YES_ERROR;
				CLANG_WARN_RANGE_LOOP_ANALYSIS = YES;
				CLANG_WARN_STRICT_PROTOTYPES = YES;
				CLANG_WARN_SUSPICIOUS_MOVE = YES;
				CLANG_WARN_UNGUARDED_AVAILABILITY = YES_AGGRESSIVE;
				CLANG_WARN_UNREACHABLE_CODE = YES;
				CLANG_WARN__DUPLICATE_METHOD_MATCH = YES;
				CODE_SIGN_IDENTITY = "iPhone Developer";
				COPY_PHASE_STRIP = NO;
				DEBUG_INFORMATION_FORMAT = "dwarf-with-dsym";
				ENABLE_NS_ASSERTIONS = NO;
				ENABLE_STRICT_OBJC_MSGSEND = YES;
				GCC_C_LANGUAGE_STANDARD = gnu11;
				GCC_NO_COMMON_BLOCKS = YES;
				GCC_WARN_64_TO_32_BIT_CONVERSION = YES;
				GCC_WARN_ABOUT_RETURN_TYPE = YES_ERROR;
				GCC_WARN_UNDECLARED_SELECTOR = YES;
				GCC_WARN_UNINITIALIZED_AUTOS = YES_AGGRESSIVE;
				GCC_WARN_UNUSED_FUNCTION = YES;
				GCC_WARN_UNUSED_VARIABLE = YES;
				IPHONEOS_DEPLOYMENT_TARGET = 10.0;
				MTL_ENABLE_DEBUG_INFO = NO;
				MTL_FAST_MATH = YES;
				SDKROOT = iphoneos;
				SWIFT_COMPILATION_MODE = wholemodule;
				SWIFT_OPTIMIZATION_LEVEL = "-O";
				VALIDATE_PRODUCT = YES;
			};
			name = Release;
		};
		2F61E05F23589D5F00D4C08E /* Debug */ = {
			isa = XCBuildConfiguration;
			buildSettings = {
				ASSETCATALOG_COMPILER_APPICON_NAME = AppIcon;
				ASSETCATALOG_COMPILER_OPTIMIZATION = time;
				CODE_SIGN_STYLE = Automatic;
				DEVELOPMENT_TEAM = MTLCM2B2P3;
				GCC_OPTIMIZATION_LEVEL = s;
				INFOPLIST_FILE = CodablePerformance/Info.plist;
				LD_RUNPATH_SEARCH_PATHS = (
					"$(inherited)",
					"@executable_path/Frameworks",
				);
				LLVM_LTO = YES_THIN;
				PRODUCT_BUNDLE_IDENTIFIER = "com.unlimit.fbd84cd2-9eb8-4bfa-b5bd-6ddad0611fcb";
				PRODUCT_NAME = "$(TARGET_NAME)";
				SWIFT_OPTIMIZATION_LEVEL = "-O";
				SWIFT_VERSION = 5.0;
				TARGETED_DEVICE_FAMILY = "1,2";
			};
			name = Debug;
		};
		2F61E06023589D5F00D4C08E /* Release */ = {
			isa = XCBuildConfiguration;
			buildSettings = {
				ASSETCATALOG_COMPILER_APPICON_NAME = AppIcon;
				ASSETCATALOG_COMPILER_OPTIMIZATION = time;
				CODE_SIGN_STYLE = Automatic;
				DEVELOPMENT_TEAM = MTLCM2B2P3;
				INFOPLIST_FILE = CodablePerformance/Info.plist;
				LD_RUNPATH_SEARCH_PATHS = (
					"$(inherited)",
					"@executable_path/Frameworks",
				);
				LLVM_LTO = YES_THIN;
				PRODUCT_BUNDLE_IDENTIFIER = "com.unlimit.fbd84cd2-9eb8-4bfa-b5bd-6ddad0611fcb";
				PRODUCT_NAME = "$(TARGET_NAME)";
				SWIFT_VERSION = 5.0;
				TARGETED_DEVICE_FAMILY = "1,2";
			};
			name = Release;
		};
		2F61E06223589D5F00D4C08E /* Debug */ = {
			isa = XCBuildConfiguration;
			buildSettings = {
				ALWAYS_EMBED_SWIFT_STANDARD_LIBRARIES = YES;
				BUNDLE_LOADER = "$(TEST_HOST)";
				CLANG_USE_OPTIMIZATION_PROFILE = YES;
				CODE_SIGN_STYLE = Automatic;
				DEVELOPMENT_TEAM = MTLCM2B2P3;
				GCC_OPTIMIZATION_LEVEL = s;
				INFOPLIST_FILE = CodablePerformanceTests/Info.plist;
				LD_RUNPATH_SEARCH_PATHS = (
					"$(inherited)",
					"@executable_path/Frameworks",
					"@loader_path/Frameworks",
				);
				LLVM_LTO = YES_THIN;
				PRODUCT_BUNDLE_IDENTIFIER = com.david.CodablePerformanceTests;
				PRODUCT_NAME = "$(TARGET_NAME)";
				SWIFT_DISABLE_SAFETY_CHECKS = YES;
				SWIFT_OPTIMIZATION_LEVEL = "-O";
				SWIFT_VERSION = 5.0;
				TARGETED_DEVICE_FAMILY = "1,2";
				TEST_HOST = "$(BUILT_PRODUCTS_DIR)/CodablePerformance.app/CodablePerformance";
			};
			name = Debug;
		};
		2F61E06323589D5F00D4C08E /* Release */ = {
			isa = XCBuildConfiguration;
			buildSettings = {
				ALWAYS_EMBED_SWIFT_STANDARD_LIBRARIES = YES;
				BUNDLE_LOADER = "$(TEST_HOST)";
				CLANG_USE_OPTIMIZATION_PROFILE = YES;
				CODE_SIGN_STYLE = Automatic;
				DEVELOPMENT_TEAM = MTLCM2B2P3;
				INFOPLIST_FILE = CodablePerformanceTests/Info.plist;
				LD_RUNPATH_SEARCH_PATHS = (
					"$(inherited)",
					"@executable_path/Frameworks",
					"@loader_path/Frameworks",
				);
				LLVM_LTO = YES_THIN;
				PRODUCT_BUNDLE_IDENTIFIER = com.david.CodablePerformanceTests;
				PRODUCT_NAME = "$(TARGET_NAME)";
				SWIFT_DISABLE_SAFETY_CHECKS = YES;
				SWIFT_VERSION = 5.0;
				TARGETED_DEVICE_FAMILY = "1,2";
				TEST_HOST = "$(BUILT_PRODUCTS_DIR)/CodablePerformance.app/CodablePerformance";
			};
			name = Release;
		};
/* End XCBuildConfiguration section */

/* Begin XCConfigurationList section */
		2F61E03C23589D5E00D4C08E /* Build configuration list for PBXProject "CodablePerformance" */ = {
			isa = XCConfigurationList;
			buildConfigurations = (
				2F61E05C23589D5F00D4C08E /* Debug */,
				2F61E05D23589D5F00D4C08E /* Release */,
			);
			defaultConfigurationIsVisible = 0;
			defaultConfigurationName = Release;
		};
		2F61E05E23589D5F00D4C08E /* Build configuration list for PBXNativeTarget "CodablePerformance" */ = {
			isa = XCConfigurationList;
			buildConfigurations = (
				2F61E05F23589D5F00D4C08E /* Debug */,
				2F61E06023589D5F00D4C08E /* Release */,
			);
			defaultConfigurationIsVisible = 0;
			defaultConfigurationName = Release;
		};
		2F61E06123589D5F00D4C08E /* Build configuration list for PBXNativeTarget "CodablePerformanceTests" */ = {
			isa = XCConfigurationList;
			buildConfigurations = (
				2F61E06223589D5F00D4C08E /* Debug */,
				2F61E06323589D5F00D4C08E /* Release */,
			);
			defaultConfigurationIsVisible = 0;
			defaultConfigurationName = Release;
		};
/* End XCConfigurationList section */
	};
	rootObject = 2F61E03923589D5E00D4C08E /* Project object */;
}
